
Microsoft Visual Studio Solution File, Format Version 12.00
# Visual Studio 14
VisualStudioVersion = 14.0.25420.1
MinimumVisualStudioVersion = 10.0.40219.1
Project("{D954291E-2A0B-460D-934E-DC6B0785DB48}") = "UsarMapasBase.Shared", "UsarMapasBase\UsarMapasBase.Shared\UsarMapasBase.Shared.shproj", "{6D85C324-EF2A-474C-B198-D15A024FFDE8}"
EndProject
Project("{FAE04EC0-301F-11D3-BF4B-00C04F79EFBC}") = "UsarMapasBase.iOS", "UsarMapasBase\UsarMapasBase.iOS\UsarMapasBase.iOS.csproj", "{32B247C3-03BC-4D41-8331-576A3FE56AAE}"
EndProject
Project("{FAE04EC0-301F-11D3-BF4B-00C04F79EFBC}") = "UsarMapasBase.Android", "UsarMapasBase\UsarMapasBase.Android\UsarMapasBase.Android.csproj", "{CD221F32-C808-443E-AD8C-3F821E66C222}"
EndProject
Project("{FAE04EC0-301F-11D3-BF4B-00C04F79EFBC}") = "UsarMapasBase.UWP", "UsarMapasBase\UsarMapasBase.UWP\UsarMapasBase.UWP.csproj", "{0871F29D-8007-4284-B327-D723ACA8BB0F}"
EndProject
Global
	GlobalSection(SharedMSBuildProjectFiles) = preSolution
		UsarMapasBase\UsarMapasBase.Shared\UsarMapasBase.Shared.projitems*{0871f29d-8007-4284-b327-d723aca8bb0f}*SharedItemsImports = 4
		UsarMapasBase\UsarMapasBase.Shared\UsarMapasBase.Shared.projitems*{6d85c324-ef2a-474c-b198-d15a024ffde8}*SharedItemsImports = 13
	EndGlobalSection
	GlobalSection(SolutionConfigurationPlatforms) = preSolution
		Ad-Hoc|Any CPU = Ad-Hoc|Any CPU
		Ad-Hoc|ARM = Ad-Hoc|ARM
		Ad-Hoc|iPhone = Ad-Hoc|iPhone
		Ad-Hoc|iPhoneSimulator = Ad-Hoc|iPhoneSimulator
		Ad-Hoc|x64 = Ad-Hoc|x64
		Ad-Hoc|x86 = Ad-Hoc|x86
		AppStore|Any CPU = AppStore|Any CPU
		AppStore|ARM = AppStore|ARM
		AppStore|iPhone = AppStore|iPhone
		AppStore|iPhoneSimulator = AppStore|iPhoneSimulator
		AppStore|x64 = AppStore|x64
		AppStore|x86 = AppStore|x86
		Debug|Any CPU = Debug|Any CPU
		Debug|ARM = Debug|ARM
		Debug|iPhone = Debug|iPhone
		Debug|iPhoneSimulator = Debug|iPhoneSimulator
		Debug|x64 = Debug|x64
		Debug|x86 = Debug|x86
		Release|Any CPU = Release|Any CPU
		Release|ARM = Release|ARM
		Release|iPhone = Release|iPhone
		Release|iPhoneSimulator = Release|iPhoneSimulator
		Release|x64 = Release|x64
		Release|x86 = Release|x86
	EndGlobalSection
	GlobalSection(ProjectConfigurationPlatforms) = postSolution
		{32B247C3-03BC-4D41-8331-576A3FE56AAE}.Ad-Hoc|Any CPU.ActiveCfg = Ad-Hoc|iPhone
		{32B247C3-03BC-4D41-8331-576A3FE56AAE}.Ad-Hoc|ARM.ActiveCfg = Ad-Hoc|iPhone
		{32B247C3-03BC-4D41-8331-576A3FE56AAE}.Ad-Hoc|iPhone.ActiveCfg = Ad-Hoc|iPhone
		{32B247C3-03BC-4D41-8331-576A3FE56AAE}.Ad-Hoc|iPhone.Build.0 = Ad-Hoc|iPhone
		{32B247C3-03BC-4D41-8331-576A3FE56AAE}.Ad-Hoc|iPhoneSimulator.ActiveCfg = Ad-Hoc|iPhoneSimulator
		{32B247C3-03BC-4D41-8331-576A3FE56AAE}.Ad-Hoc|iPhoneSimulator.Build.0 = Ad-Hoc|iPhoneSimulator
		{32B247C3-03BC-4D41-8331-576A3FE56AAE}.Ad-Hoc|x64.ActiveCfg = Ad-Hoc|iPhone
		{32B247C3-03BC-4D41-8331-576A3FE56AAE}.Ad-Hoc|x86.ActiveCfg = Ad-Hoc|iPhone
		{32B247C3-03BC-4D41-8331-576A3FE56AAE}.AppStore|Any CPU.ActiveCfg = AppStore|iPhone
		{32B247C3-03BC-4D41-8331-576A3FE56AAE}.AppStore|ARM.ActiveCfg = AppStore|iPhone
		{32B247C3-03BC-4D41-8331-576A3FE56AAE}.AppStore|iPhone.ActiveCfg = AppStore|iPhone
		{32B247C3-03BC-4D41-8331-576A3FE56AAE}.AppStore|iPhone.Build.0 = AppStore|iPhone
		{32B247C3-03BC-4D41-8331-576A3FE56AAE}.AppStore|iPhoneSimulator.ActiveCfg = AppStore|iPhoneSimulator
		{32B247C3-03BC-4D41-8331-576A3FE56AAE}.AppStore|iPhoneSimulator.Build.0 = AppStore|iPhoneSimulator
		{32B247C3-03BC-4D41-8331-576A3FE56AAE}.AppStore|x64.ActiveCfg = AppStore|iPhone
		{32B247C3-03BC-4D41-8331-576A3FE56AAE}.AppStore|x86.ActiveCfg = AppStore|iPhone
		{32B247C3-03BC-4D41-8331-576A3FE56AAE}.Debug|Any CPU.ActiveCfg = Debug|iPhone
		{32B247C3-03BC-4D41-8331-576A3FE56AAE}.Debug|Any CPU.Build.0 = Debug|iPhone
		{32B247C3-03BC-4D41-8331-576A3FE56AAE}.Debug|ARM.ActiveCfg = Debug|iPhone
		{32B247C3-03BC-4D41-8331-576A3FE56AAE}.Debug|iPhone.ActiveCfg = Debug|iPhone
		{32B247C3-03BC-4D41-8331-576A3FE56AAE}.Debug|iPhone.Build.0 = Debug|iPhone
		{32B247C3-03BC-4D41-8331-576A3FE56AAE}.Debug|iPhoneSimulator.ActiveCfg = Debug|iPhoneSimulator
		{32B247C3-03BC-4D41-8331-576A3FE56AAE}.Debug|iPhoneSimulator.Build.0 = Debug|iPhoneSimulator
		{32B247C3-03BC-4D41-8331-576A3FE56AAE}.Debug|x64.ActiveCfg = Debug|iPhone
		{32B247C3-03BC-4D41-8331-576A3FE56AAE}.Debug|x86.ActiveCfg = Debug|iPhone
		{32B247C3-03BC-4D41-8331-576A3FE56AAE}.Release|Any CPU.ActiveCfg = Release|iPhone
		{32B247C3-03BC-4D41-8331-576A3FE56AAE}.Release|ARM.ActiveCfg = Release|iPhone
		{32B247C3-03BC-4D41-8331-576A3FE56AAE}.Release|iPhone.ActiveCfg = Release|iPhone
		{32B247C3-03BC-4D41-8331-576A3FE56AAE}.Release|iPhone.Build.0 = Release|iPhone
		{32B247C3-03BC-4D41-8331-576A3FE56AAE}.Release|iPhoneSimulator.ActiveCfg = Release|iPhoneSimulator
		{32B247C3-03BC-4D41-8331-576A3FE56AAE}.Release|iPhoneSimulator.Build.0 = Release|iPhoneSimulator
		{32B247C3-03BC-4D41-8331-576A3FE56AAE}.Release|x64.ActiveCfg = Release|iPhone
		{32B247C3-03BC-4D41-8331-576A3FE56AAE}.Release|x86.ActiveCfg = Release|iPhone
		{CD221F32-C808-443E-AD8C-3F821E66C222}.Ad-Hoc|Any CPU.ActiveCfg = Release|Any CPU
		{CD221F32-C808-443E-AD8C-3F821E66C222}.Ad-Hoc|Any CPU.Build.0 = Release|Any CPU
		{CD221F32-C808-443E-AD8C-3F821E66C222}.Ad-Hoc|Any CPU.Deploy.0 = Release|Any CPU
		{CD221F32-C808-443E-AD8C-3F821E66C222}.Ad-Hoc|ARM.ActiveCfg = Release|Any CPU
		{CD221F32-C808-443E-AD8C-3F821E66C222}.Ad-Hoc|ARM.Build.0 = Release|Any CPU
		{CD221F32-C808-443E-AD8C-3F821E66C222}.Ad-Hoc|ARM.Deploy.0 = Release|Any CPU
		{CD221F32-C808-443E-AD8C-3F821E66C222}.Ad-Hoc|iPhone.ActiveCfg = Release|Any CPU
		{CD221F32-C808-443E-AD8C-3F821E66C222}.Ad-Hoc|iPhone.Build.0 = Release|Any CPU
		{CD221F32-C808-443E-AD8C-3F821E66C222}.Ad-Hoc|iPhone.Deploy.0 = Release|Any CPU
		{CD221F32-C808-443E-AD8C-3F821E66C222}.Ad-Hoc|iPhoneSimulator.ActiveCfg = Release|Any CPU
		{CD221F32-C808-443E-AD8C-3F821E66C222}.Ad-Hoc|iPhoneSimulator.Build.0 = Release|Any CPU
		{CD221F32-C808-443E-AD8C-3F821E66C222}.Ad-Hoc|iPhoneSimulator.Deploy.0 = Release|Any CPU
		{CD221F32-C808-443E-AD8C-3F821E66C222}.Ad-Hoc|x64.ActiveCfg = Release|Any CPU
		{CD221F32-C808-443E-AD8C-3F821E66C222}.Ad-Hoc|x64.Build.0 = Release|Any CPU
		{CD221F32-C808-443E-AD8C-3F821E66C222}.Ad-Hoc|x64.Deploy.0 = Release|Any CPU
		{CD221F32-C808-443E-AD8C-3F821E66C222}.Ad-Hoc|x86.ActiveCfg = Release|Any CPU
		{CD221F32-C808-443E-AD8C-3F821E66C222}.Ad-Hoc|x86.Build.0 = Release|Any CPU
		{CD221F32-C808-443E-AD8C-3F821E66C222}.Ad-Hoc|x86.Deploy.0 = Release|Any CPU
		{CD221F32-C808-443E-AD8C-3F821E66C222}.AppStore|Any CPU.ActiveCfg = Release|Any CPU
		{CD221F32-C808-443E-AD8C-3F821E66C222}.AppStore|Any CPU.Build.0 = Release|Any CPU
		{CD221F32-C808-443E-AD8C-3F821E66C222}.AppStore|Any CPU.Deploy.0 = Release|Any CPU
		{CD221F32-C808-443E-AD8C-3F821E66C222}.AppStore|ARM.ActiveCfg = Release|Any CPU
		{CD221F32-C808-443E-AD8C-3F821E66C222}.AppStore|ARM.Build.0 = Release|Any CPU
		{CD221F32-C808-443E-AD8C-3F821E66C222}.AppStore|ARM.Deploy.0 = Release|Any CPU
		{CD221F32-C808-443E-AD8C-3F821E66C222}.AppStore|iPhone.ActiveCfg = Release|Any CPU
		{CD221F32-C808-443E-AD8C-3F821E66C222}.AppStore|iPhone.Build.0 = Release|Any CPU
		{CD221F32-C808-443E-AD8C-3F821E66C222}.AppStore|iPhone.Deploy.0 = Release|Any CPU
		{CD221F32-C808-443E-AD8C-3F821E66C222}.AppStore|iPhoneSimulator.ActiveCfg = Release|Any CPU
		{CD221F32-C808-443E-AD8C-3F821E66C222}.AppStore|iPhoneSimulator.Build.0 = Release|Any CPU
		{CD221F32-C808-443E-AD8C-3F821E66C222}.AppStore|iPhoneSimulator.Deploy.0 = Release|Any CPU
		{CD221F32-C808-443E-AD8C-3F821E66C222}.AppStore|x64.ActiveCfg = Release|Any CPU
		{CD221F32-C808-443E-AD8C-3F821E66C222}.AppStore|x64.Build.0 = Release|Any CPU
		{CD221F32-C808-443E-AD8C-3F821E66C222}.AppStore|x64.Deploy.0 = Release|Any CPU
		{CD221F32-C808-443E-AD8C-3F821E66C222}.AppStore|x86.ActiveCfg = Release|Any CPU
		{CD221F32-C808-443E-AD8C-3F821E66C222}.AppStore|x86.Build.0 = Release|Any CPU
		{CD221F32-C808-443E-AD8C-3F821E66C222}.AppStore|x86.Deploy.0 = Release|Any CPU
		{CD221F32-C808-443E-AD8C-3F821E66C222}.Debug|Any CPU.ActiveCfg = Debug|Any CPU
		{CD221F32-C808-443E-AD8C-3F821E66C222}.Debug|Any CPU.Build.0 = Debug|Any CPU
		{CD221F32-C808-443E-AD8C-3F821E66C222}.Debug|Any CPU.Deploy.0 = Debug|Any CPU
		{CD221F32-C808-443E-AD8C-3F821E66C222}.Debug|ARM.ActiveCfg = Debug|Any CPU
		{CD221F32-C808-443E-AD8C-3F821E66C222}.Debug|ARM.Build.0 = Debug|Any CPU
		{CD221F32-C808-443E-AD8C-3F821E66C222}.Debug|ARM.Deploy.0 = Debug|Any CPU
		{CD221F32-C808-443E-AD8C-3F821E66C222}.Debug|iPhone.ActiveCfg = Debug|Any CPU
		{CD221F32-C808-443E-AD8C-3F821E66C222}.Debug|iPhone.Build.0 = Debug|Any CPU
		{CD221F32-C808-443E-AD8C-3F821E66C222}.Debug|iPhone.Deploy.0 = Debug|Any CPU
		{CD221F32-C808-443E-AD8C-3F821E66C222}.Debug|iPhoneSimulator.ActiveCfg = Debug|Any CPU
		{CD221F32-C808-443E-AD8C-3F821E66C222}.Debug|iPhoneSimulator.Build.0 = Debug|Any CPU
		{CD221F32-C808-443E-AD8C-3F821E66C222}.Debug|iPhoneSimulator.Deploy.0 = Debug|Any CPU
		{CD221F32-C808-443E-AD8C-3F821E66C222}.Debug|x64.ActiveCfg = Debug|Any CPU
		{CD221F32-C808-443E-AD8C-3F821E66C222}.Debug|x64.Build.0 = Debug|Any CPU
		{CD221F32-C808-443E-AD8C-3F821E66C222}.Debug|x64.Deploy.0 = Debug|Any CPU
		{CD221F32-C808-443E-AD8C-3F821E66C222}.Debug|x86.ActiveCfg = Debug|Any CPU
		{CD221F32-C808-443E-AD8C-3F821E66C222}.Debug|x86.Build.0 = Debug|Any CPU
		{CD221F32-C808-443E-AD8C-3F821E66C222}.Debug|x86.Deploy.0 = Debug|Any CPU
		{CD221F32-C808-443E-AD8C-3F821E66C222}.Release|Any CPU.ActiveCfg = Release|Any CPU
		{CD221F32-C808-443E-AD8C-3F821E66C222}.Release|Any CPU.Build.0 = Release|Any CPU
		{CD221F32-C808-443E-AD8C-3F821E66C222}.Release|Any CPU.Deploy.0 = Release|Any CPU
		{CD221F32-C808-443E-AD8C-3F821E66C222}.Release|ARM.ActiveCfg = Release|Any CPU
		{CD221F32-C808-443E-AD8C-3F821E66C222}.Release|ARM.Build.0 = Release|Any CPU
		{CD221F32-C808-443E-AD8C-3F821E66C222}.Release|ARM.Deploy.0 = Release|Any CPU
		{CD221F32-C808-443E-AD8C-3F821E66C222}.Release|iPhone.ActiveCfg = Release|Any CPU
		{CD221F32-C808-443E-AD8C-3F821E66C222}.Release|iPhone.Build.0 = Release|Any CPU
		{CD221F32-C808-443E-AD8C-3F821E66C222}.Release|iPhone.Deploy.0 = Release|Any CPU
		{CD221F32-C808-443E-AD8C-3F821E66C222}.Release|iPhoneSimulator.ActiveCfg = Release|Any CPU
		{CD221F32-C808-443E-AD8C-3F821E66C222}.Release|iPhoneSimulator.Build.0 = Release|Any CPU
		{CD221F32-C808-443E-AD8C-3F821E66C222}.Release|iPhoneSimulator.Deploy.0 = Release|Any CPU
		{CD221F32-C808-443E-AD8C-3F821E66C222}.Release|x64.ActiveCfg = Release|Any CPU
		{CD221F32-C808-443E-AD8C-3F821E66C222}.Release|x64.Build.0 = Release|Any CPU
		{CD221F32-C808-443E-AD8C-3F821E66C222}.Release|x64.Deploy.0 = Release|Any CPU
		{CD221F32-C808-443E-AD8C-3F821E66C222}.Release|x86.ActiveCfg = Release|Any CPU
		{CD221F32-C808-443E-AD8C-3F821E66C222}.Release|x86.Build.0 = Release|Any CPU
		{CD221F32-C808-443E-AD8C-3F821E66C222}.Release|x86.Deploy.0 = Release|Any CPU
		{0871F29D-8007-4284-B327-D723ACA8BB0F}.Ad-Hoc|Any CPU.ActiveCfg = Release|x64
		{0871F29D-8007-4284-B327-D723ACA8BB0F}.Ad-Hoc|Any CPU.Build.0 = Release|x64
		{0871F29D-8007-4284-B327-D723ACA8BB0F}.Ad-Hoc|Any CPU.Deploy.0 = Release|x64
		{0871F29D-8007-4284-B327-D723ACA8BB0F}.Ad-Hoc|ARM.ActiveCfg = Release|ARM
		{0871F29D-8007-4284-B327-D723ACA8BB0F}.Ad-Hoc|ARM.Build.0 = Release|ARM
		{0871F29D-8007-4284-B327-D723ACA8BB0F}.Ad-Hoc|ARM.Deploy.0 = Release|ARM
		{0871F29D-8007-4284-B327-D723ACA8BB0F}.Ad-Hoc|iPhone.ActiveCfg = Release|x64
		{0871F29D-8007-4284-B327-D723ACA8BB0F}.Ad-Hoc|iPhone.Build.0 = Release|x64
		{0871F29D-8007-4284-B327-D723ACA8BB0F}.Ad-Hoc|iPhone.Deploy.0 = Release|x64
		{0871F29D-8007-4284-B327-D723ACA8BB0F}.Ad-Hoc|iPhoneSimulator.ActiveCfg = Release|x64
		{0871F29D-8007-4284-B327-D723ACA8BB0F}.Ad-Hoc|iPhoneSimulator.Build.0 = Release|x64
		{0871F29D-8007-4284-B327-D723ACA8BB0F}.Ad-Hoc|iPhoneSimulator.Deploy.0 = Release|x64
		{0871F29D-8007-4284-B327-D723ACA8BB0F}.Ad-Hoc|x64.ActiveCfg = Release|x64
		{0871F29D-8007-4284-B327-D723ACA8BB0F}.Ad-Hoc|x64.Build.0 = Release|x64
		{0871F29D-8007-4284-B327-D723ACA8BB0F}.Ad-Hoc|x64.Deploy.0 = Release|x64
		{0871F29D-8007-4284-B327-D723ACA8BB0F}.Ad-Hoc|x86.ActiveCfg = Release|x86
		{0871F29D-8007-4284-B327-D723ACA8BB0F}.Ad-Hoc|x86.Build.0 = Release|x86
		{0871F29D-8007-4284-B327-D723ACA8BB0F}.Ad-Hoc|x86.Deploy.0 = Release|x86
		{0871F29D-8007-4284-B327-D723ACA8BB0F}.AppStore|Any CPU.ActiveCfg = Release|x64
		{0871F29D-8007-4284-B327-D723ACA8BB0F}.AppStore|Any CPU.Build.0 = Release|x64
		{0871F29D-8007-4284-B327-D723ACA8BB0F}.AppStore|Any CPU.Deploy.0 = Release|x64
		{0871F29D-8007-4284-B327-D723ACA8BB0F}.AppStore|ARM.ActiveCfg = Release|ARM
		{0871F29D-8007-4284-B327-D723ACA8BB0F}.AppStore|ARM.Build.0 = Release|ARM
		{0871F29D-8007-4284-B327-D723ACA8BB0F}.AppStore|ARM.Deploy.0 = Release|ARM
		{0871F29D-8007-4284-B327-D723ACA8BB0F}.AppStore|iPhone.ActiveCfg = Release|x64
		{0871F29D-8007-4284-B327-D723ACA8BB0F}.AppStore|iPhone.Build.0 = Release|x64
		{0871F29D-8007-4284-B327-D723ACA8BB0F}.AppStore|iPhone.Deploy.0 = Release|x64
		{0871F29D-8007-4284-B327-D723ACA8BB0F}.AppStore|iPhoneSimulator.ActiveCfg = Release|x64
		{0871F29D-8007-4284-B327-D723ACA8BB0F}.AppStore|iPhoneSimulator.Build.0 = Release|x64
		{0871F29D-8007-4284-B327-D723ACA8BB0F}.AppStore|iPhoneSimulator.Deploy.0 = Release|x64
		{0871F29D-8007-4284-B327-D723ACA8BB0F}.AppStore|x64.ActiveCfg = Release|x64
		{0871F29D-8007-4284-B327-D723ACA8BB0F}.AppStore|x64.Build.0 = Release|x64
		{0871F29D-8007-4284-B327-D723ACA8BB0F}.AppStore|x64.Deploy.0 = Release|x64
		{0871F29D-8007-4284-B327-D723ACA8BB0F}.AppStore|x86.ActiveCfg = Release|x86
		{0871F29D-8007-4284-B327-D723ACA8BB0F}.AppStore|x86.Build.0 = Release|x86
		{0871F29D-8007-4284-B327-D723ACA8BB0F}.AppStore|x86.Deploy.0 = Release|x86
		{0871F29D-8007-4284-B327-D723ACA8BB0F}.Debug|Any CPU.ActiveCfg = Debug|x86
		{0871F29D-8007-4284-B327-D723ACA8BB0F}.Debug|Any CPU.Build.0 = Debug|x86
		{0871F29D-8007-4284-B327-D723ACA8BB0F}.Debug|Any CPU.Deploy.0 = Debug|x86
		{0871F29D-8007-4284-B327-D723ACA8BB0F}.Debug|ARM.ActiveCfg = Debug|ARM
		{0871F29D-8007-4284-B327-D723ACA8BB0F}.Debug|ARM.Build.0 = Debug|ARM
		{0871F29D-8007-4284-B327-D723ACA8BB0F}.Debug|ARM.Deploy.0 = Debug|ARM
		{0871F29D-8007-4284-B327-D723ACA8BB0F}.Debug|iPhone.ActiveCfg = Debug|x86
		{0871F29D-8007-4284-B327-D723ACA8BB0F}.Debug|iPhone.Build.0 = Debug|x86
		{0871F29D-8007-4284-B327-D723ACA8BB0F}.Debug|iPhone.Deploy.0 = Debug|x86
		{0871F29D-8007-4284-B327-D723ACA8BB0F}.Debug|iPhoneSimulator.ActiveCfg = Debug|x86
		{0871F29D-8007-4284-B327-D723ACA8BB0F}.Debug|x64.ActiveCfg = Debug|x64
		{0871F29D-8007-4284-B327-D723ACA8BB0F}.Debug|x64.Build.0 = Debug|x64
		{0871F29D-8007-4284-B327-D723ACA8BB0F}.Debug|x64.Deploy.0 = Debug|x64
		{0871F29D-8007-4284-B327-D723ACA8BB0F}.Debug|x86.ActiveCfg = Debug|x86
		{0871F29D-8007-4284-B327-D723ACA8BB0F}.Debug|x86.Build.0 = Debug|x86
		{0871F29D-8007-4284-B327-D723ACA8BB0F}.Debug|x86.Deploy.0 = Debug|x86
		{0871F29D-8007-4284-B327-D723ACA8BB0F}.Release|Any CPU.ActiveCfg = Release|x86
		{0871F29D-8007-4284-B327-D723ACA8BB0F}.Release|ARM.ActiveCfg = Release|ARM
		{0871F29D-8007-4284-B327-D723ACA8BB0F}.Release|ARM.Build.0 = Release|ARM
		{0871F29D-8007-4284-B327-D723ACA8BB0F}.Release|ARM.Deploy.0 = Release|ARM
		{0871F29D-8007-4284-B327-D723ACA8BB0F}.Release|iPhone.ActiveCfg = Release|x86
		{0871F29D-8007-4284-B327-D723ACA8BB0F}.Release|iPhoneSimulator.ActiveCfg = Release|x86
		{0871F29D-8007-4284-B327-D723ACA8BB0F}.Release|x64.ActiveCfg = Release|x64
		{0871F29D-8007-4284-B327-D723ACA8BB0F}.Release|x64.Build.0 = Release|x64
		{0871F29D-8007-4284-B327-D723ACA8BB0F}.Release|x64.Deploy.0 = Release|x64
		{0871F29D-8007-4284-B327-D723ACA8BB0F}.Release|x86.ActiveCfg = Release|x86
		{0871F29D-8007-4284-B327-D723ACA8BB0F}.Release|x86.Build.0 = Release|x86
		{0871F29D-8007-4284-B327-D723ACA8BB0F}.Release|x86.Deploy.0 = Release|x86
	EndGlobalSection
	GlobalSection(SolutionProperties) = preSolution
		HideSolutionNode = FALSE
	EndGlobalSection
EndGlobal
